
Microsoft Visual Studio Solution File, Format Version 12.00
# Visual Studio Version 16
VisualStudioVersion = 16.0.31424.327
MinimumVisualStudioVersion = 10.0.40219.1
Project("{FAE04EC0-301F-11D3-BF4B-00C04F79EFBC}") = "DotNetBegins", "DotNetBegins\DotNetBegins.csproj", "{1F21DA12-41D5-403C-86D8-4B5A9EDCDA54}"
EndProject
Global
	GlobalSection(SolutionConfigurationPlatforms) = preSolution
		Debug|Any CPU = Debug|Any CPU
		Release|Any CPU = Release|Any CPU
	EndGlobalSection
	GlobalSection(ProjectConfigurationPlatforms) = postSolution
		{1F21DA12-41D5-403C-86D8-4B5A9EDCDA54}.Debug|Any CPU.ActiveCfg = Debug|Any CPU
		{1F21DA12-41D5-403C-86D8-4B5A9EDCDA54}.Debug|Any CPU.Build.0 = Debug|Any CPU
		{1F21DA12-41D5-403C-86D8-4B5A9EDCDA54}.Release|Any CPU.ActiveCfg = Release|Any CPU
		{1F21DA12-41D5-403C-86D8-4B5A9EDCDA54}.Release|Any CPU.Build.0 = Release|Any CPU
	EndGlobalSection
	GlobalSection(SolutionProperties) = preSolution
		HideSolutionNode = FALSE
	EndGlobalSection
	GlobalSection(ExtensibilityGlobals) = postSolution
		SolutionGuid = {154CCEAA-62AF-47E8-B32C-55A5D7650BF7}
	EndGlobalSection
EndGlobal
