
Microsoft Visual Studio Solution File, Format Version 12.00
# Visual Studio Version 16
VisualStudioVersion = 16.0.31424.327
MinimumVisualStudioVersion = 10.0.40219.1
Project("{FAE04EC0-301F-11D3-BF4B-00C04F79EFBC}") = "BoxingUnboxing", "BoxingUnboxing\BoxingUnboxing.csproj", "{78B7436D-FA62-43AA-92DF-9099B0BD5D24}"
EndProject
Global
	GlobalSection(SolutionConfigurationPlatforms) = preSolution
		Debug|Any CPU = Debug|Any CPU
		Release|Any CPU = Release|Any CPU
	EndGlobalSection
	GlobalSection(ProjectConfigurationPlatforms) = postSolution
		{78B7436D-FA62-43AA-92DF-9099B0BD5D24}.Debug|Any CPU.ActiveCfg = Debug|Any CPU
		{78B7436D-FA62-43AA-92DF-9099B0BD5D24}.Debug|Any CPU.Build.0 = Debug|Any CPU
		{78B7436D-FA62-43AA-92DF-9099B0BD5D24}.Release|Any CPU.ActiveCfg = Release|Any CPU
		{78B7436D-FA62-43AA-92DF-9099B0BD5D24}.Release|Any CPU.Build.0 = Release|Any CPU
	EndGlobalSection
	GlobalSection(SolutionProperties) = preSolution
		HideSolutionNode = FALSE
	EndGlobalSection
	GlobalSection(ExtensibilityGlobals) = postSolution
		SolutionGuid = {302DACA8-EEF2-45FD-AB03-EAA8A43BB96D}
	EndGlobalSection
EndGlobal
