
Microsoft Visual Studio Solution File, Format Version 12.00
# Visual Studio Version 16
VisualStudioVersion = 16.0.31424.327
MinimumVisualStudioVersion = 10.0.40219.1
Project("{FAE04EC0-301F-11D3-BF4B-00C04F79EFBC}") = "Inheritance", "Inheritance\Inheritance.csproj", "{38E4960F-3201-47EA-B517-F8B77C6507BE}"
EndProject
Global
	GlobalSection(SolutionConfigurationPlatforms) = preSolution
		Debug|Any CPU = Debug|Any CPU
		Release|Any CPU = Release|Any CPU
	EndGlobalSection
	GlobalSection(ProjectConfigurationPlatforms) = postSolution
		{38E4960F-3201-47EA-B517-F8B77C6507BE}.Debug|Any CPU.ActiveCfg = Debug|Any CPU
		{38E4960F-3201-47EA-B517-F8B77C6507BE}.Debug|Any CPU.Build.0 = Debug|Any CPU
		{38E4960F-3201-47EA-B517-F8B77C6507BE}.Release|Any CPU.ActiveCfg = Release|Any CPU
		{38E4960F-3201-47EA-B517-F8B77C6507BE}.Release|Any CPU.Build.0 = Release|Any CPU
	EndGlobalSection
	GlobalSection(SolutionProperties) = preSolution
		HideSolutionNode = FALSE
	EndGlobalSection
	GlobalSection(ExtensibilityGlobals) = postSolution
		SolutionGuid = {22988CDC-1BC4-4EDD-9299-1E65C7BEAC27}
	EndGlobalSection
EndGlobal
