
Microsoft Visual Studio Solution File, Format Version 12.00
# Visual Studio Version 16
VisualStudioVersion = 16.0.29728.190
MinimumVisualStudioVersion = 10.0.40219.1
Project("{FAE04EC0-301F-11D3-BF4B-00C04F79EFBC}") = "21a_PartialClass", "21a_PartialClass\21a_PartialClass.csproj", "{5EFB2E64-4A94-4529-B7DE-12EAE5591419}"
EndProject
Global
	GlobalSection(SolutionConfigurationPlatforms) = preSolution
		Debug|Any CPU = Debug|Any CPU
		Release|Any CPU = Release|Any CPU
	EndGlobalSection
	GlobalSection(ProjectConfigurationPlatforms) = postSolution
		{5EFB2E64-4A94-4529-B7DE-12EAE5591419}.Debug|Any CPU.ActiveCfg = Debug|Any CPU
		{5EFB2E64-4A94-4529-B7DE-12EAE5591419}.Debug|Any CPU.Build.0 = Debug|Any CPU
		{5EFB2E64-4A94-4529-B7DE-12EAE5591419}.Release|Any CPU.ActiveCfg = Release|Any CPU
		{5EFB2E64-4A94-4529-B7DE-12EAE5591419}.Release|Any CPU.Build.0 = Release|Any CPU
	EndGlobalSection
	GlobalSection(SolutionProperties) = preSolution
		HideSolutionNode = FALSE
	EndGlobalSection
	GlobalSection(ExtensibilityGlobals) = postSolution
		SolutionGuid = {D5EF84C8-F04A-441C-A0B2-668E25203697}
	EndGlobalSection
EndGlobal
