
Microsoft Visual Studio Solution File, Format Version 12.00
# Visual Studio Version 16
VisualStudioVersion = 16.0.29728.190
MinimumVisualStudioVersion = 10.0.40219.1
Project("{FAE04EC0-301F-11D3-BF4B-00C04F79EFBC}") = "21b_thisKeyword", "21b_thisKeyword\21b_thisKeyword.csproj", "{2FDF5983-6237-44A0-B348-8A7AC36C3634}"
EndProject
Global
	GlobalSection(SolutionConfigurationPlatforms) = preSolution
		Debug|Any CPU = Debug|Any CPU
		Release|Any CPU = Release|Any CPU
	EndGlobalSection
	GlobalSection(ProjectConfigurationPlatforms) = postSolution
		{2FDF5983-6237-44A0-B348-8A7AC36C3634}.Debug|Any CPU.ActiveCfg = Debug|Any CPU
		{2FDF5983-6237-44A0-B348-8A7AC36C3634}.Debug|Any CPU.Build.0 = Debug|Any CPU
		{2FDF5983-6237-44A0-B348-8A7AC36C3634}.Release|Any CPU.ActiveCfg = Release|Any CPU
		{2FDF5983-6237-44A0-B348-8A7AC36C3634}.Release|Any CPU.Build.0 = Release|Any CPU
	EndGlobalSection
	GlobalSection(SolutionProperties) = preSolution
		HideSolutionNode = FALSE
	EndGlobalSection
	GlobalSection(ExtensibilityGlobals) = postSolution
		SolutionGuid = {C58705BC-A324-4146-9FE9-59DC3B9ED86E}
	EndGlobalSection
EndGlobal
