
Microsoft Visual Studio Solution File, Format Version 12.00
# Visual Studio Version 16
VisualStudioVersion = 16.0.31424.327
MinimumVisualStudioVersion = 10.0.40219.1
Project("{FAE04EC0-301F-11D3-BF4B-00C04F79EFBC}") = "ReferenceType", "ReferenceType\ReferenceType.csproj", "{98FA20C5-8902-4AD8-A976-BCD040F8995C}"
EndProject
Global
	GlobalSection(SolutionConfigurationPlatforms) = preSolution
		Debug|Any CPU = Debug|Any CPU
		Release|Any CPU = Release|Any CPU
	EndGlobalSection
	GlobalSection(ProjectConfigurationPlatforms) = postSolution
		{98FA20C5-8902-4AD8-A976-BCD040F8995C}.Debug|Any CPU.ActiveCfg = Debug|Any CPU
		{98FA20C5-8902-4AD8-A976-BCD040F8995C}.Debug|Any CPU.Build.0 = Debug|Any CPU
		{98FA20C5-8902-4AD8-A976-BCD040F8995C}.Release|Any CPU.ActiveCfg = Release|Any CPU
		{98FA20C5-8902-4AD8-A976-BCD040F8995C}.Release|Any CPU.Build.0 = Release|Any CPU
	EndGlobalSection
	GlobalSection(SolutionProperties) = preSolution
		HideSolutionNode = FALSE
	EndGlobalSection
	GlobalSection(ExtensibilityGlobals) = postSolution
		SolutionGuid = {65171E4A-EDDF-4017-93F7-6773D93C8223}
	EndGlobalSection
EndGlobal
