
Microsoft Visual Studio Solution File, Format Version 12.00
# Visual Studio Version 16
VisualStudioVersion = 16.0.31424.327
MinimumVisualStudioVersion = 10.0.40219.1
Project("{FAE04EC0-301F-11D3-BF4B-00C04F79EFBC}") = "Dictonary", "Dictonary\Dictonary.csproj", "{B0D4B558-C70F-4652-9B14-18C341ABB185}"
EndProject
Global
	GlobalSection(SolutionConfigurationPlatforms) = preSolution
		Debug|Any CPU = Debug|Any CPU
		Release|Any CPU = Release|Any CPU
	EndGlobalSection
	GlobalSection(ProjectConfigurationPlatforms) = postSolution
		{B0D4B558-C70F-4652-9B14-18C341ABB185}.Debug|Any CPU.ActiveCfg = Debug|Any CPU
		{B0D4B558-C70F-4652-9B14-18C341ABB185}.Debug|Any CPU.Build.0 = Debug|Any CPU
		{B0D4B558-C70F-4652-9B14-18C341ABB185}.Release|Any CPU.ActiveCfg = Release|Any CPU
		{B0D4B558-C70F-4652-9B14-18C341ABB185}.Release|Any CPU.Build.0 = Release|Any CPU
	EndGlobalSection
	GlobalSection(SolutionProperties) = preSolution
		HideSolutionNode = FALSE
	EndGlobalSection
	GlobalSection(ExtensibilityGlobals) = postSolution
		SolutionGuid = {3B3AC0BB-1761-4988-BDE6-1D2F1EC19435}
	EndGlobalSection
EndGlobal
