
Microsoft Visual Studio Solution File, Format Version 12.00
# Visual Studio Version 16
VisualStudioVersion = 16.0.31321.278
MinimumVisualStudioVersion = 10.0.40219.1
Project("{FAE04EC0-301F-11D3-BF4B-00C04F79EFBC}") = "02_Indexer", "02_Indexer\02_Indexer.csproj", "{254FE454-33B5-4F08-9377-68D982333287}"
EndProject
Global
	GlobalSection(SolutionConfigurationPlatforms) = preSolution
		Debug|Any CPU = Debug|Any CPU
		Release|Any CPU = Release|Any CPU
	EndGlobalSection
	GlobalSection(ProjectConfigurationPlatforms) = postSolution
		{254FE454-33B5-4F08-9377-68D982333287}.Debug|Any CPU.ActiveCfg = Debug|Any CPU
		{254FE454-33B5-4F08-9377-68D982333287}.Debug|Any CPU.Build.0 = Debug|Any CPU
		{254FE454-33B5-4F08-9377-68D982333287}.Release|Any CPU.ActiveCfg = Release|Any CPU
		{254FE454-33B5-4F08-9377-68D982333287}.Release|Any CPU.Build.0 = Release|Any CPU
	EndGlobalSection
	GlobalSection(SolutionProperties) = preSolution
		HideSolutionNode = FALSE
	EndGlobalSection
	GlobalSection(ExtensibilityGlobals) = postSolution
		SolutionGuid = {BC2ACFF0-8B0D-4D23-9EBA-E4E220AF0685}
	EndGlobalSection
EndGlobal
